
Microsoft Visual Studio Solution File, Format Version 12.00
# Visual Studio 14
VisualStudioVersion = 14.0.23107.0
MinimumVisualStudioVersion = 10.0.40219.1
Project("{FAE04EC0-301F-11D3-BF4B-00C04F79EFBC}") = "HorBotFrameWork", "HorBotFrameWork\HorBotFrameWork.csproj", "{109AF0AC-0F3E-41E0-BA3B-F83FC25846DB}"
EndProject
Project("{FAE04EC0-301F-11D3-BF4B-00C04F79EFBC}") = "HorBotFrameWork.Tests", "HorBotFrameWork.Tests\HorBotFrameWork.Tests.csproj", "{489529F4-B8E8-49B1-BC7B-E0B8EB2DACBB}"
EndProject
Global
	GlobalSection(SolutionConfigurationPlatforms) = preSolution
		Debug|Any CPU = Debug|Any CPU
		Release|Any CPU = Release|Any CPU
	EndGlobalSection
	GlobalSection(ProjectConfigurationPlatforms) = postSolution
		{109AF0AC-0F3E-41E0-BA3B-F83FC25846DB}.Debug|Any CPU.ActiveCfg = Debug|Any CPU
		{109AF0AC-0F3E-41E0-BA3B-F83FC25846DB}.Debug|Any CPU.Build.0 = Debug|Any CPU
		{109AF0AC-0F3E-41E0-BA3B-F83FC25846DB}.Release|Any CPU.ActiveCfg = Release|Any CPU
		{109AF0AC-0F3E-41E0-BA3B-F83FC25846DB}.Release|Any CPU.Build.0 = Release|Any CPU
		{489529F4-B8E8-49B1-BC7B-E0B8EB2DACBB}.Debug|Any CPU.ActiveCfg = Debug|Any CPU
		{489529F4-B8E8-49B1-BC7B-E0B8EB2DACBB}.Debug|Any CPU.Build.0 = Debug|Any CPU
		{489529F4-B8E8-49B1-BC7B-E0B8EB2DACBB}.Release|Any CPU.ActiveCfg = Release|Any CPU
		{489529F4-B8E8-49B1-BC7B-E0B8EB2DACBB}.Release|Any CPU.Build.0 = Release|Any CPU
	EndGlobalSection
	GlobalSection(SolutionProperties) = preSolution
		HideSolutionNode = FALSE
	EndGlobalSection
EndGlobal
